{
  "name": "material",
  "version": "0.0.0",
  "lockfileVersion": 1,
  "requires": true,
  "dependencies": {
    "@angular/material": {
      "version": "10.1.2",
      "resolved": "https://registry.npmjs.org/@angular/material/-/material-10.1.2.tgz",
      "integrity": "sha512-iNSfkPdRfXPW+VJQ66qKQvmR5FCQY/ZP1Vz+bi+fYsdNrT/yYEA8UT9xcAMw5C14i4d86zpIk3hSC0hz+9vQtQ==",
      "requires": {
        "tslib": "^2.0.0"
      },
      "dependencies": {
        "tslib": {
          "version": "2.0.1",
          "resolved": "https://registry.npmjs.org/tslib/-/tslib-2.0.1.tgz",
          "integrity": "sha512-SgIkNheinmEBgx1IUNirK0TUD4X9yjjBRTqqjggWCU3pUEqIk3/Uwl3yRixYKT6WjQuGiwDv4NomL3wqRCj+CQ=="
        }
      }
    }
  }
}
